
Microsoft Visual Studio Solution File, Format Version 12.00
# Visual Studio 15
VisualStudioVersion = 15.0.27130.2003
MinimumVisualStudioVersion = 10.0.40219.1
Project("{FAE04EC0-301F-11D3-BF4B-00C04F79EFBC}") = "SNCFDatabase", "SNCFDatabase\SNCFDatabase.csproj", "{DBCB3E72-8E8D-48A3-8B15-55B72789389E}"
EndProject
Global
	GlobalSection(SolutionConfigurationPlatforms) = preSolution
		Debug|Any CPU = Debug|Any CPU
		Release|Any CPU = Release|Any CPU
	EndGlobalSection
	GlobalSection(ProjectConfigurationPlatforms) = postSolution
		{DBCB3E72-8E8D-48A3-8B15-55B72789389E}.Debug|Any CPU.ActiveCfg = Debug|Any CPU
		{DBCB3E72-8E8D-48A3-8B15-55B72789389E}.Debug|Any CPU.Build.0 = Debug|Any CPU
		{DBCB3E72-8E8D-48A3-8B15-55B72789389E}.Release|Any CPU.ActiveCfg = Release|Any CPU
		{DBCB3E72-8E8D-48A3-8B15-55B72789389E}.Release|Any CPU.Build.0 = Release|Any CPU
	EndGlobalSection
	GlobalSection(SolutionProperties) = preSolution
		HideSolutionNode = FALSE
	EndGlobalSection
	GlobalSection(ExtensibilityGlobals) = postSolution
		SolutionGuid = {A9496501-E464-4575-A329-DB7BF2D09846}
	EndGlobalSection
EndGlobal
